{
  "name": "wcstack-example-react-websocket",
  "lockfileVersion": 3,
  "requires": true,
  "packages": {
    "": {
      "name": "wcstack-example-react-websocket",
      "dependencies": {
        "@wc-bindable/core": "file:../../../../wc-bindable-protocol/wc-bindable-protocol/packages/core",
        "@wc-bindable/react": "file:../../../../wc-bindable-protocol/wc-bindable-protocol/packages/react",
        "ws": "^8.20.0"
      }
    },
    "../../../../wc-bindable-protocol/wc-bindable-protocol/packages/core": {
      "name": "@wc-bindable/core",
      "version": "0.3.0",
      "license": "MIT"
    },
    "../../../../wc-bindable-protocol/wc-bindable-protocol/packages/react": {
      "name": "@wc-bindable/react",
      "version": "0.3.0",
      "license": "MIT",
      "dependencies": {
        "@wc-bindable/core": "^0.3.0"
      },
      "peerDependencies": {
        "react": ">=18"
      }
    },
    "node_modules/@wc-bindable/core": {
      "resolved": "../../../../wc-bindable-protocol/wc-bindable-protocol/packages/core",
      "link": true
    },
    "node_modules/@wc-bindable/react": {
      "resolved": "../../../../wc-bindable-protocol/wc-bindable-protocol/packages/react",
      "link": true
    },
    "node_modules/ws": {
      "version": "8.20.0",
      "resolved": "https://registry.npmjs.org/ws/-/ws-8.20.0.tgz",
      "integrity": "sha512-sAt8BhgNbzCtgGbt2OxmpuryO63ZoDk/sqaB/znQm94T4fCEsy/yV+7CdC1kJhOU9lboAEU7R3kquuycDoibVA==",
      "license": "MIT",
      "engines": {
        "node": ">=10.0.0"
      },
      "peerDependencies": {
        "bufferutil": "^4.0.1",
        "utf-8-validate": ">=5.0.2"
      },
      "peerDependenciesMeta": {
        "bufferutil": {
          "optional": true
        },
        "utf-8-validate": {
          "optional": true
        }
      }
    }
  }
}
